PODS:
  - Capacitor (7.6.8):
    - CapacitorCordova
  - CapacitorCordova (7.6.8)
  - CapacitorLocalNotifications (7.0.7):
    - Capacitor

DEPENDENCIES:
  - "Capacitor (from `../../node_modules/@capacitor/ios`)"
  - "CapacitorCordova (from `../../node_modules/@capacitor/ios`)"
  - "CapacitorLocalNotifications (from `../../node_modules/@capacitor/local-notifications`)"

EXTERNAL SOURCES:
  Capacitor:
    :path: "../../node_modules/@capacitor/ios"
  CapacitorCordova:
    :path: "../../node_modules/@capacitor/ios"
  CapacitorLocalNotifications:
    :path: "../../node_modules/@capacitor/local-notifications"

SPEC CHECKSUMS:
  Capacitor: ff6bf01336ac353098378828aff465095a89e459
  CapacitorCordova: e61ee8c40101b8cd011d0224261606a290c082cf
  CapacitorLocalNotifications: 71124afe526ac00585314bff34651bd023f86e37

PODFILE CHECKSUM: 75305f79143d11655efae49cc27241e7f96f4e76

COCOAPODS: 1.16.2
